
Microsoft Visual Studio Solution File, Format Version 12.00
# Visual Studio Version 16
VisualStudioVersion = 16.0.32413.511
MinimumVisualStudioVersion = 10.0.40219.1
Project("{8BC9CEB8-8B4A-11D0-8D11-00A0C91BC942}") = "smallpt", "smallpt\smallpt.vcxproj", "{C85194E2-53AB-486A-9150-B955C5C98863}"
EndProject
Project("{2150E333-8FDC-42A3-9474-1A3956D46DE8}") = "1.Path Tracing", "1.Path Tracing", "{87FA3E71-9E20-4FDB-8D12-0D5006032BCF}"
EndProject
Project("{8BC9CEB8-8B4A-11D0-8D11-00A0C91BC942}") = "1.Simple-PathTracer", "1.PathTracing\1.Simple-PathTracer\1.Simple-PathTracer.vcxproj", "{EB3688F9-D337-448A-8811-39BD44E25C1D}"
EndProject
Project("{8BC9CEB8-8B4A-11D0-8D11-00A0C91BC942}") = "2.Simple-PathTracer-NoRecursion", "1.PathTracing\2.Simple-PathTracer-NoRecursion\2.Simple-PathTracer-NoRecursion.vcxproj", "{A46C874C-0F5A-484F-927D-C8FBFFCDD57E}"
EndProject
Project("{8BC9CEB8-8B4A-11D0-8D11-00A0C91BC942}") = "3.Simple-PathTracer-WardBRDF", "1.PathTracing\3.Simple-PathTracer-WardBRDF\3.Simple-PathTracer-WardBRDF.vcxproj", "{F005CDD4-3398-424C-9C6A-B58A00B745FF}"
EndProject
Project("{8BC9CEB8-8B4A-11D0-8D11-00A0C91BC942}") = "4.Simple-PathTracer-ParticipatingMedia", "1.PathTracing\4.Simple-PathTracer-ParticipatingMedia\4.Simple-PathTracer-ParticipatingMedia.vcxproj", "{CD2CD8E0-015F-421B-B700-6508C69179ED}"
EndProject
Project("{8BC9CEB8-8B4A-11D0-8D11-00A0C91BC942}") = "5.Simple-PathTracer-DOF", "1.PathTracing\5.Simple-PathTracer-DOF\5.Simple-PathTracer-DOF.vcxproj", "{EFDDE463-8207-4976-8129-102388921DEB}"
EndProject
Project("{2150E333-8FDC-42A3-9474-1A3956D46DE8}") = "4.PhotonMap", "4.PhotonMap", "{6F4FB292-AA6D-4A61-9D2C-152FF3AC4171}"
EndProject
Project("{8BC9CEB8-8B4A-11D0-8D11-00A0C91BC942}") = "1.PhotonMap", "4.PhotonMap\1.PhotonMap\1.PhotonMap.vcxproj", "{C7F91942-7DF8-41E0-AB2A-0F566AEE118E}"
EndProject
Project("{2150E333-8FDC-42A3-9474-1A3956D46DE8}") = "5.Radiosity", "5.Radiosity", "{C2103A52-F3A5-4E47-BA61-AC67C2764ED6}"
EndProject
Project("{8BC9CEB8-8B4A-11D0-8D11-00A0C91BC942}") = "1.Simple-Radiosity", "5.Radiosity\1.Simple-Radiosity\1.Simple-Radiosity.vcxproj", "{E7D324F2-6AA7-4994-B956-CE600640E286}"
EndProject
Project("{2150E333-8FDC-42A3-9474-1A3956D46DE8}") = "8.IrradianceCache", "8.IrradianceCache", "{BD0C549E-C84D-48C7-8057-7421A271B286}"
EndProject
Project("{8BC9CEB8-8B4A-11D0-8D11-00A0C91BC942}") = "1.Simple-IrradianceCache", "8.IrradianceCache\1.Simple-IrradianceCache\1.Simple-IrradianceCache.vcxproj", "{FDFA8988-4D7E-498B-B2BA-EC63B3D77F18}"
EndProject
Global
	GlobalSection(SolutionConfigurationPlatforms) = preSolution
		Debug|Win32 = Debug|Win32
		Debug|x64 = Debug|x64
		Release|Win32 = Release|Win32
		Release|x64 = Release|x64
	EndGlobalSection
	GlobalSection(ProjectConfigurationPlatforms) = postSolution
		{C85194E2-53AB-486A-9150-B955C5C98863}.Debug|Win32.ActiveCfg = Debug|Win32
		{C85194E2-53AB-486A-9150-B955C5C98863}.Debug|Win32.Build.0 = Debug|Win32
		{C85194E2-53AB-486A-9150-B955C5C98863}.Debug|x64.ActiveCfg = Debug|Win32
		{C85194E2-53AB-486A-9150-B955C5C98863}.Release|Win32.ActiveCfg = Release|Win32
		{C85194E2-53AB-486A-9150-B955C5C98863}.Release|Win32.Build.0 = Release|Win32
		{C85194E2-53AB-486A-9150-B955C5C98863}.Release|x64.ActiveCfg = Release|Win32
		{EB3688F9-D337-448A-8811-39BD44E25C1D}.Debug|Win32.ActiveCfg = Debug|Win32
		{EB3688F9-D337-448A-8811-39BD44E25C1D}.Debug|Win32.Build.0 = Debug|Win32
		{EB3688F9-D337-448A-8811-39BD44E25C1D}.Debug|x64.ActiveCfg = Debug|x64
		{EB3688F9-D337-448A-8811-39BD44E25C1D}.Debug|x64.Build.0 = Debug|x64
		{EB3688F9-D337-448A-8811-39BD44E25C1D}.Release|Win32.ActiveCfg = Release|Win32
		{EB3688F9-D337-448A-8811-39BD44E25C1D}.Release|Win32.Build.0 = Release|Win32
		{EB3688F9-D337-448A-8811-39BD44E25C1D}.Release|x64.ActiveCfg = Release|x64
		{EB3688F9-D337-448A-8811-39BD44E25C1D}.Release|x64.Build.0 = Release|x64
		{A46C874C-0F5A-484F-927D-C8FBFFCDD57E}.Debug|Win32.ActiveCfg = Debug|Win32
		{A46C874C-0F5A-484F-927D-C8FBFFCDD57E}.Debug|Win32.Build.0 = Debug|Win32
		{A46C874C-0F5A-484F-927D-C8FBFFCDD57E}.Debug|x64.ActiveCfg = Debug|x64
		{A46C874C-0F5A-484F-927D-C8FBFFCDD57E}.Debug|x64.Build.0 = Debug|x64
		{A46C874C-0F5A-484F-927D-C8FBFFCDD57E}.Release|Win32.ActiveCfg = Release|Win32
		{A46C874C-0F5A-484F-927D-C8FBFFCDD57E}.Release|Win32.Build.0 = Release|Win32
		{A46C874C-0F5A-484F-927D-C8FBFFCDD57E}.Release|x64.ActiveCfg = Release|x64
		{A46C874C-0F5A-484F-927D-C8FBFFCDD57E}.Release|x64.Build.0 = Release|x64
		{F005CDD4-3398-424C-9C6A-B58A00B745FF}.Debug|Win32.ActiveCfg = Debug|Win32
		{F005CDD4-3398-424C-9C6A-B58A00B745FF}.Debug|Win32.Build.0 = Debug|Win32
		{F005CDD4-3398-424C-9C6A-B58A00B745FF}.Debug|x64.ActiveCfg = Debug|x64
		{F005CDD4-3398-424C-9C6A-B58A00B745FF}.Debug|x64.Build.0 = Debug|x64
		{F005CDD4-3398-424C-9C6A-B58A00B745FF}.Release|Win32.ActiveCfg = Release|Win32
		{F005CDD4-3398-424C-9C6A-B58A00B745FF}.Release|Win32.Build.0 = Release|Win32
		{F005CDD4-3398-424C-9C6A-B58A00B745FF}.Release|x64.ActiveCfg = Release|x64
		{F005CDD4-3398-424C-9C6A-B58A00B745FF}.Release|x64.Build.0 = Release|x64
		{CD2CD8E0-015F-421B-B700-6508C69179ED}.Debug|Win32.ActiveCfg = Debug|Win32
		{CD2CD8E0-015F-421B-B700-6508C69179ED}.Debug|Win32.Build.0 = Debug|Win32
		{CD2CD8E0-015F-421B-B700-6508C69179ED}.Debug|x64.ActiveCfg = Debug|x64
		{CD2CD8E0-015F-421B-B700-6508C69179ED}.Debug|x64.Build.0 = Debug|x64
		{CD2CD8E0-015F-421B-B700-6508C69179ED}.Release|Win32.ActiveCfg = Release|Win32
		{CD2CD8E0-015F-421B-B700-6508C69179ED}.Release|Win32.Build.0 = Release|Win32
		{CD2CD8E0-015F-421B-B700-6508C69179ED}.Release|x64.ActiveCfg = Release|x64
		{CD2CD8E0-015F-421B-B700-6508C69179ED}.Release|x64.Build.0 = Release|x64
		{EFDDE463-8207-4976-8129-102388921DEB}.Debug|Win32.ActiveCfg = Debug|Win32
		{EFDDE463-8207-4976-8129-102388921DEB}.Debug|Win32.Build.0 = Debug|Win32
		{EFDDE463-8207-4976-8129-102388921DEB}.Debug|x64.ActiveCfg = Debug|x64
		{EFDDE463-8207-4976-8129-102388921DEB}.Debug|x64.Build.0 = Debug|x64
		{EFDDE463-8207-4976-8129-102388921DEB}.Release|Win32.ActiveCfg = Release|Win32
		{EFDDE463-8207-4976-8129-102388921DEB}.Release|Win32.Build.0 = Release|Win32
		{EFDDE463-8207-4976-8129-102388921DEB}.Release|x64.ActiveCfg = Release|x64
		{EFDDE463-8207-4976-8129-102388921DEB}.Release|x64.Build.0 = Release|x64
		{C7F91942-7DF8-41E0-AB2A-0F566AEE118E}.Debug|Win32.ActiveCfg = Debug|Win32
		{C7F91942-7DF8-41E0-AB2A-0F566AEE118E}.Debug|Win32.Build.0 = Debug|Win32
		{C7F91942-7DF8-41E0-AB2A-0F566AEE118E}.Debug|x64.ActiveCfg = Debug|x64
		{C7F91942-7DF8-41E0-AB2A-0F566AEE118E}.Debug|x64.Build.0 = Debug|x64
		{C7F91942-7DF8-41E0-AB2A-0F566AEE118E}.Release|Win32.ActiveCfg = Release|Win32
		{C7F91942-7DF8-41E0-AB2A-0F566AEE118E}.Release|Win32.Build.0 = Release|Win32
		{C7F91942-7DF8-41E0-AB2A-0F566AEE118E}.Release|x64.ActiveCfg = Release|x64
		{C7F91942-7DF8-41E0-AB2A-0F566AEE118E}.Release|x64.Build.0 = Release|x64
		{E7D324F2-6AA7-4994-B956-CE600640E286}.Debug|Win32.ActiveCfg = Debug|Win32
		{E7D324F2-6AA7-4994-B956-CE600640E286}.Debug|Win32.Build.0 = Debug|Win32
		{E7D324F2-6AA7-4994-B956-CE600640E286}.Debug|x64.ActiveCfg = Debug|x64
		{E7D324F2-6AA7-4994-B956-CE600640E286}.Debug|x64.Build.0 = Debug|x64
		{E7D324F2-6AA7-4994-B956-CE600640E286}.Release|Win32.ActiveCfg = Release|Win32
		{E7D324F2-6AA7-4994-B956-CE600640E286}.Release|Win32.Build.0 = Release|Win32
		{E7D324F2-6AA7-4994-B956-CE600640E286}.Release|x64.ActiveCfg = Release|x64
		{E7D324F2-6AA7-4994-B956-CE600640E286}.Release|x64.Build.0 = Release|x64
		{FDFA8988-4D7E-498B-B2BA-EC63B3D77F18}.Debug|Win32.ActiveCfg = Debug|Win32
		{FDFA8988-4D7E-498B-B2BA-EC63B3D77F18}.Debug|Win32.Build.0 = Debug|Win32
		{FDFA8988-4D7E-498B-B2BA-EC63B3D77F18}.Debug|x64.ActiveCfg = Debug|x64
		{FDFA8988-4D7E-498B-B2BA-EC63B3D77F18}.Debug|x64.Build.0 = Debug|x64
		{FDFA8988-4D7E-498B-B2BA-EC63B3D77F18}.Release|Win32.ActiveCfg = Release|Win32
		{FDFA8988-4D7E-498B-B2BA-EC63B3D77F18}.Release|Win32.Build.0 = Release|Win32
		{FDFA8988-4D7E-498B-B2BA-EC63B3D77F18}.Release|x64.ActiveCfg = Release|x64
		{FDFA8988-4D7E-498B-B2BA-EC63B3D77F18}.Release|x64.Build.0 = Release|x64
	EndGlobalSection
	GlobalSection(SolutionProperties) = preSolution
		HideSolutionNode = FALSE
	EndGlobalSection
	GlobalSection(NestedProjects) = preSolution
		{EB3688F9-D337-448A-8811-39BD44E25C1D} = {87FA3E71-9E20-4FDB-8D12-0D5006032BCF}
		{A46C874C-0F5A-484F-927D-C8FBFFCDD57E} = {87FA3E71-9E20-4FDB-8D12-0D5006032BCF}
		{F005CDD4-3398-424C-9C6A-B58A00B745FF} = {87FA3E71-9E20-4FDB-8D12-0D5006032BCF}
		{CD2CD8E0-015F-421B-B700-6508C69179ED} = {87FA3E71-9E20-4FDB-8D12-0D5006032BCF}
		{EFDDE463-8207-4976-8129-102388921DEB} = {87FA3E71-9E20-4FDB-8D12-0D5006032BCF}
		{C7F91942-7DF8-41E0-AB2A-0F566AEE118E} = {6F4FB292-AA6D-4A61-9D2C-152FF3AC4171}
		{E7D324F2-6AA7-4994-B956-CE600640E286} = {C2103A52-F3A5-4E47-BA61-AC67C2764ED6}
		{FDFA8988-4D7E-498B-B2BA-EC63B3D77F18} = {BD0C549E-C84D-48C7-8057-7421A271B286}
	EndGlobalSection
	GlobalSection(ExtensibilityGlobals) = postSolution
		SolutionGuid = {822F3AA3-A06F-4273-8B90-DE23E6B7B106}
	EndGlobalSection
EndGlobal
